github.com/database64128/netx-go v0.1.0 h1:4Dgaq1QFBSJWQNH2ACj7SL2slJFlAAbEMJOk9YIGgMA=
github.com/database64128/netx-go v0.1.0/go.mod h1:ywpvlFnZeN8/9s7tqGvoI+9zSryHBEKPf0FfSsj0H+Y=
golang.org/x/sys v0.35.0 h1:vz1N37gP5bs89s7He8XuIYXpyY0+QlsKmzipCbUtyxI=
golang.org/x/sys v0.35.0/go.mod h1:BJP2sWEmIv4KK5OTEluFJCKSidICx8ciO85XgH3Ak8k=
