github.com/database64128/netx-go v0.1.1 h1:dT5LG7Gs7zFZBthFBbzWE6K8wAHjSNAaK7wCYZT7NzM=
github.com/database64128/netx-go v0.1.1/go.mod h1:LNlYVipaYkQArRFDNNJ02VkNV+My9A5XR/IGS7sIBQc=
golang.org/x/sys v0.35.0 h1:vz1N37gP5bs89s7He8XuIYXpyY0+QlsKmzipCbUtyxI=
golang.org/x/sys v0.35.0/go.mod h1:BJP2sWEmIv4KK5OTEluFJCKSidICx8ciO85XgH3Ak8k=
